{
  "nodes": {
    "flake-utils": {
      "inputs": {
        "systems": "systems"
      },
      "locked": {
        "lastModified": 1731533236,
        "narHash": "sha256-l0KFg5HjrsfsO/JpG+r7fRrqm12kzFHyUHqHCVpMMbI=",
        "owner": "numtide",
        "repo": "flake-utils",
        "rev": "11707dc2f618dd54ca8739b309ec4fc024de578b",
        "type": "github"
      },
      "original": {
        "owner": "numtide",
        "repo": "flake-utils",
        "type": "github"
      }
    },
    "forgejo-runner-fix": {
      "inputs": {
        "nixpkgs": [
          "nixpkgs2511"
        ]
      },
      "locked": {
        "lastModified": 1784928886,
        "narHash": "sha256-VStnbQyvEs2ATTjuCmcUUnkLn2tLcjqJT0KJrIrYbMs=",
        "ref": "refs/heads/master",
        "rev": "9b2dd9e658c7cd2c2e0c254b57e73bf4048ab724",
        "revCount": 5,
        "type": "git",
        "url": "https://codeberg.org/srd424/forgejo-runner-fix"
      },
      "original": {
        "type": "git",
        "url": "https://codeberg.org/srd424/forgejo-runner-fix"
      }
    },
    "gpiod-dbus": {
      "inputs": {
        "nixpkgs": [
          "nixpkgs2511"
        ]
      },
      "locked": {
        "lastModified": 1752601734,
        "narHash": "sha256-NMs9rGUzJlU2/6+t4uCc5rHNmUMr08Pojb7P2aTV0MY=",
        "ref": "refs/heads/master",
        "rev": "bf1b8643765b86e4d24a5023531e317e2107b6b5",
        "revCount": 5,
        "type": "git",
        "url": "https://codeberg.org/srd424/libgpiod-nix.git"
      },
      "original": {
        "type": "git",
        "url": "https://codeberg.org/srd424/libgpiod-nix.git"
      }
    },
    "nixpkgs2305": {
      "locked": {
        "lastModified": 1704290814,
        "narHash": "sha256-LWvKHp7kGxk/GEtlrGYV68qIvPHkU9iToomNFGagixU=",
        "owner": "nixos",
        "repo": "nixpkgs",
        "rev": "70bdadeb94ffc8806c0570eb5c2695ad29f0e421",
        "type": "github"
      },
      "original": {
        "owner": "nixos",
        "ref": "nixos-23.05",
        "repo": "nixpkgs",
        "type": "github"
      }
    },
    "nixpkgs2511": {
      "locked": {
        "lastModified": 1782847189,
        "narHash": "sha256-twXPFqFsrrY5r28Zh7Homgcp2gUMBgQ6WDS98Q/3xFI=",
        "owner": "nixos",
        "repo": "nixpkgs",
        "rev": "b6018f87da91d19d0ab4cf979885689b469cdd41",
        "type": "github"
      },
      "original": {
        "owner": "nixos",
        "ref": "nixos-25.11",
        "repo": "nixpkgs",
        "type": "github"
      }
    },
    "nixpkgs2605": {
      "locked": {
        "lastModified": 1784856561,
        "narHash": "sha256-J+Bx1Z6Oeoj2FgnBhRMKyUhhtDoOpTgXYaVLZpDjW4A=",
        "owner": "nixos",
        "repo": "nixpkgs",
        "rev": "597283ad8aa0b331c788e97c4c262d58877074ef",
        "type": "github"
      },
      "original": {
        "owner": "nixos",
        "ref": "nixos-26.05",
        "repo": "nixpkgs",
        "type": "github"
      }
    },
    "root": {
      "inputs": {
        "forgejo-runner-fix": "forgejo-runner-fix",
        "gpiod-dbus": "gpiod-dbus",
        "nixpkgs2305": "nixpkgs2305",
        "nixpkgs2511": "nixpkgs2511",
        "nixpkgs2605": "nixpkgs2605",
        "sboot-srvr": "sboot-srvr",
        "ssh-agent-switcher": "ssh-agent-switcher",
        "tgt-glfs": "tgt-glfs",
        "ufi-forgejo": "ufi-forgejo"
      }
    },
    "sboot-srvr": {
      "inputs": {
        "nixpkgs": [
          "nixpkgs2511"
        ]
      },
      "locked": {
        "lastModified": 1750182942,
        "narHash": "sha256-L9I+EW0+73zWkKgrN2tP4nuereW7xakdsAZEDXJTQRw=",
        "ref": "hydra-notls",
        "rev": "2bdc70837dc0df39217ef5af00b4004d9d0ecf0b",
        "revCount": 107,
        "type": "git",
        "url": "https://codeberg.org/srd424/snowboot-server.git"
      },
      "original": {
        "ref": "hydra-notls",
        "type": "git",
        "url": "https://codeberg.org/srd424/snowboot-server.git"
      }
    },
    "ssh-agent-switcher": {
      "inputs": {
        "flake-utils": "flake-utils",
        "nixpkgs": [
          "nixpkgs2605"
        ]
      },
      "locked": {
        "lastModified": 1770789931,
        "narHash": "sha256-qg/93kZJ7qTyw2jYTL+t4xRlrdt03AE9SRPRWAz9Q7I=",
        "owner": "jmmv",
        "repo": "ssh-agent-switcher",
        "rev": "9cf67475a143b70b5f5076eb1d3747cbac10220b",
        "type": "github"
      },
      "original": {
        "owner": "jmmv",
        "repo": "ssh-agent-switcher",
        "rev": "9cf67475a143b70b5f5076eb1d3747cbac10220b",
        "type": "github"
      }
    },
    "systems": {
      "locked": {
        "lastModified": 1681028828,
        "narHash": "sha256-Vy1rq5AaRuLzOxct8nz4T6wlgyUR7zLU309k9mBC768=",
        "owner": "nix-systems",
        "repo": "default",
        "rev": "da67096a3b9bf56a91d16901293e51ba5b49a27e",
        "type": "github"
      },
      "original": {
        "owner": "nix-systems",
        "repo": "default",
        "type": "github"
      }
    },
    "tgt-glfs": {
      "inputs": {
        "nixpkgs": [
          "nixpkgs2511"
        ]
      },
      "locked": {
        "lastModified": 1757864912,
        "narHash": "sha256-7IsCxINSVGO8nFOFyxr5kU2a1CVApQ4MX3h/6WdL1cs=",
        "ref": "refs/heads/master",
        "rev": "ae492d5ba62496c42c1b5f88456b29f39fdf8396",
        "revCount": 3,
        "type": "git",
        "url": "https://codeberg.org/srd424/tgt-glfs-nix.git"
      },
      "original": {
        "type": "git",
        "url": "https://codeberg.org/srd424/tgt-glfs-nix.git"
      }
    },
    "ufi-forgejo": {
      "flake": false,
      "locked": {
        "lastModified": 1784839121,
        "narHash": "sha256-wOfB4jcwfsTLFHuJjRWRL9nYCumbwnvxhdvwQlAxzyA=",
        "ref": "refs/heads/main",
        "rev": "b48da4d6dcedf76d1cc57472198f8d9b99938322",
        "revCount": 157,
        "type": "git",
        "url": "https://codeberg.org/srd424/update-flake-inputs-forgejo.git"
      },
      "original": {
        "type": "git",
        "url": "https://codeberg.org/srd424/update-flake-inputs-forgejo.git"
      }
    }
  },
  "root": "root",
  "version": 7
}
