{
  "nodes": {
    "gpiod-dbus": {
      "inputs": {
        "nixpkgs": [
          "nixpkgs"
        ]
      },
      "locked": {
        "lastModified": 1752601734,
        "narHash": "sha256-NMs9rGUzJlU2/6+t4uCc5rHNmUMr08Pojb7P2aTV0MY=",
        "ref": "refs/heads/master",
        "rev": "bf1b8643765b86e4d24a5023531e317e2107b6b5",
        "revCount": 5,
        "type": "git",
        "url": "https://codeberg.org/srd424/libgpiod-nix.git"
      },
      "original": {
        "type": "git",
        "url": "https://codeberg.org/srd424/libgpiod-nix.git"
      }
    },
    "nixpkgs": {
      "locked": {
        "lastModified": 1757020766,
        "narHash": "sha256-PLoSjHRa2bUbi1x9HoXgTx2AiuzNXs54c8omhadyvp0=",
        "owner": "nixos",
        "repo": "nixpkgs",
        "rev": "fe83bbdde2ccdc2cb9573aa846abe8363f79a97a",
        "type": "github"
      },
      "original": {
        "owner": "nixos",
        "ref": "nixos-25.05",
        "repo": "nixpkgs",
        "type": "github"
      }
    },
    "nixpkgs2305": {
      "locked": {
        "lastModified": 1704290814,
        "narHash": "sha256-LWvKHp7kGxk/GEtlrGYV68qIvPHkU9iToomNFGagixU=",
        "owner": "nixos",
        "repo": "nixpkgs",
        "rev": "70bdadeb94ffc8806c0570eb5c2695ad29f0e421",
        "type": "github"
      },
      "original": {
        "owner": "nixos",
        "ref": "nixos-23.05",
        "repo": "nixpkgs",
        "type": "github"
      }
    },
    "root": {
      "inputs": {
        "gpiod-dbus": "gpiod-dbus",
        "nixpkgs": "nixpkgs",
        "nixpkgs2305": "nixpkgs2305",
        "sboot-srvr": "sboot-srvr",
        "sys-mgr": "sys-mgr",
        "tgt-glfs": "tgt-glfs"
      }
    },
    "sboot-srvr": {
      "inputs": {
        "nixpkgs": [
          "nixpkgs"
        ]
      },
      "locked": {
        "lastModified": 1750182942,
        "narHash": "sha256-L9I+EW0+73zWkKgrN2tP4nuereW7xakdsAZEDXJTQRw=",
        "ref": "hydra-notls",
        "rev": "2bdc70837dc0df39217ef5af00b4004d9d0ecf0b",
        "revCount": 107,
        "type": "git",
        "url": "https://codeberg.org/srd424/snowboot-server.git"
      },
      "original": {
        "ref": "hydra-notls",
        "type": "git",
        "url": "https://codeberg.org/srd424/snowboot-server.git"
      }
    },
    "sys-mgr": {
      "inputs": {
        "nixpkgs": [
          "nixpkgs"
        ]
      },
      "locked": {
        "lastModified": 1756281415,
        "narHash": "sha256-CjpoVwpJJ+DOZilPrDpZ5S3V+B1Y0calaHxTp2xMvGs=",
        "owner": "numtide",
        "repo": "system-manager",
        "rev": "e271eedac9a24678ca6cfc61677837422bf474e0",
        "type": "github"
      },
      "original": {
        "owner": "numtide",
        "repo": "system-manager",
        "type": "github"
      }
    },
    "tgt-glfs": {
      "inputs": {
        "nixpkgs": [
          "nixpkgs"
        ]
      },
      "locked": {
        "lastModified": 1757864912,
        "narHash": "sha256-7IsCxINSVGO8nFOFyxr5kU2a1CVApQ4MX3h/6WdL1cs=",
        "ref": "refs/heads/master",
        "rev": "ae492d5ba62496c42c1b5f88456b29f39fdf8396",
        "revCount": 3,
        "type": "git",
        "url": "https://codeberg.org/srd424/tgt-glfs-nix.git"
      },
      "original": {
        "type": "git",
        "url": "https://codeberg.org/srd424/tgt-glfs-nix.git"
      }
    }
  },
  "root": "root",
  "version": 7
}
