{
  "nodes": {
    "forgejo-runner-fix": {
      "inputs": {
        "nixpkgs": [
          "nixpkgs2511"
        ]
      },
      "locked": {
        "lastModified": 1771181727,
        "narHash": "sha256-dwCq+B5rRNpg1csXdv6g0QxASysD37J3AGNwCgo93vY=",
        "ref": "refs/heads/master",
        "rev": "80e4ce2f5c272fa45ad00fc741303e0bca586750",
        "revCount": 4,
        "type": "git",
        "url": "https://codeberg.org/srd424/forgejo-runner-fix"
      },
      "original": {
        "type": "git",
        "url": "https://codeberg.org/srd424/forgejo-runner-fix"
      }
    },
    "gpiod-dbus": {
      "inputs": {
        "nixpkgs": [
          "nixpkgs2505"
        ]
      },
      "locked": {
        "lastModified": 1752601734,
        "narHash": "sha256-NMs9rGUzJlU2/6+t4uCc5rHNmUMr08Pojb7P2aTV0MY=",
        "ref": "refs/heads/master",
        "rev": "bf1b8643765b86e4d24a5023531e317e2107b6b5",
        "revCount": 5,
        "type": "git",
        "url": "https://codeberg.org/srd424/libgpiod-nix.git"
      },
      "original": {
        "type": "git",
        "url": "https://codeberg.org/srd424/libgpiod-nix.git"
      }
    },
    "nixpkgs2305": {
      "locked": {
        "lastModified": 1704290814,
        "narHash": "sha256-LWvKHp7kGxk/GEtlrGYV68qIvPHkU9iToomNFGagixU=",
        "owner": "nixos",
        "repo": "nixpkgs",
        "rev": "70bdadeb94ffc8806c0570eb5c2695ad29f0e421",
        "type": "github"
      },
      "original": {
        "owner": "nixos",
        "ref": "nixos-23.05",
        "repo": "nixpkgs",
        "type": "github"
      }
    },
    "nixpkgs2505": {
      "locked": {
        "lastModified": 1766687554,
        "narHash": "sha256-DegN7KD/EtFSKXf2jvqL6lvev6GlfAAatYBcRC8goEo=",
        "owner": "nixos",
        "repo": "nixpkgs",
        "rev": "fd0ca39c92fdb4012ed8d60e1683c26fddadd136",
        "type": "github"
      },
      "original": {
        "owner": "nixos",
        "ref": "nixos-25.05",
        "repo": "nixpkgs",
        "type": "github"
      }
    },
    "nixpkgs2511": {
      "locked": {
        "lastModified": 1766736597,
        "narHash": "sha256-BASnpCLodmgiVn0M1MU2Pqyoz0aHwar/0qLkp7CjvSQ=",
        "owner": "nixos",
        "repo": "nixpkgs",
        "rev": "f560ccec6b1116b22e6ed15f4c510997d99d5852",
        "type": "github"
      },
      "original": {
        "owner": "nixos",
        "ref": "nixos-25.11",
        "repo": "nixpkgs",
        "type": "github"
      }
    },
    "root": {
      "inputs": {
        "forgejo-runner-fix": "forgejo-runner-fix",
        "gpiod-dbus": "gpiod-dbus",
        "nixpkgs2305": "nixpkgs2305",
        "nixpkgs2505": "nixpkgs2505",
        "nixpkgs2511": "nixpkgs2511",
        "sboot-srvr": "sboot-srvr",
        "sys-mgr": "sys-mgr",
        "tgt-glfs": "tgt-glfs",
        "ufi-forgejo": "ufi-forgejo"
      }
    },
    "sboot-srvr": {
      "inputs": {
        "nixpkgs": [
          "nixpkgs2505"
        ]
      },
      "locked": {
        "lastModified": 1750182942,
        "narHash": "sha256-L9I+EW0+73zWkKgrN2tP4nuereW7xakdsAZEDXJTQRw=",
        "ref": "hydra-notls",
        "rev": "2bdc70837dc0df39217ef5af00b4004d9d0ecf0b",
        "revCount": 107,
        "type": "git",
        "url": "https://codeberg.org/srd424/snowboot-server.git"
      },
      "original": {
        "ref": "hydra-notls",
        "type": "git",
        "url": "https://codeberg.org/srd424/snowboot-server.git"
      }
    },
    "sys-mgr": {
      "inputs": {
        "nixpkgs": [
          "nixpkgs2505"
        ]
      },
      "locked": {
        "lastModified": 1756281415,
        "narHash": "sha256-CjpoVwpJJ+DOZilPrDpZ5S3V+B1Y0calaHxTp2xMvGs=",
        "owner": "numtide",
        "repo": "system-manager",
        "rev": "e271eedac9a24678ca6cfc61677837422bf474e0",
        "type": "github"
      },
      "original": {
        "owner": "numtide",
        "repo": "system-manager",
        "type": "github"
      }
    },
    "tgt-glfs": {
      "inputs": {
        "nixpkgs": [
          "nixpkgs2505"
        ]
      },
      "locked": {
        "lastModified": 1757864912,
        "narHash": "sha256-7IsCxINSVGO8nFOFyxr5kU2a1CVApQ4MX3h/6WdL1cs=",
        "ref": "refs/heads/master",
        "rev": "ae492d5ba62496c42c1b5f88456b29f39fdf8396",
        "revCount": 3,
        "type": "git",
        "url": "https://codeberg.org/srd424/tgt-glfs-nix.git"
      },
      "original": {
        "type": "git",
        "url": "https://codeberg.org/srd424/tgt-glfs-nix.git"
      }
    },
    "ufi-forgejo": {
      "flake": false,
      "locked": {
        "lastModified": 1770760589,
        "narHash": "sha256-qud6a2tYu8fg8Tsahbsh2UUUTyJ2QJW1K1Kq8ozFktE=",
        "ref": "refs/heads/main",
        "rev": "befae78d13e543562c63029ebc131ef67b3aec72",
        "revCount": 151,
        "type": "git",
        "url": "https://codeberg.org/srd424/update-flake-inputs-forgejo.git"
      },
      "original": {
        "type": "git",
        "url": "https://codeberg.org/srd424/update-flake-inputs-forgejo.git"
      }
    }
  },
  "root": "root",
  "version": 7
}
